
Microsoft Visual Studio Solution File, Format Version 12.00
# Visual Studio Version 16
VisualStudioVersion = 16.0.30320.27
MinimumVisualStudioVersion = 10.0.40219.1
Project("{FAE04EC0-301F-11D3-BF4B-00C04F79EFBC}") = "AnimalDonation", "AnimalDonation\AnimalDonation.csproj", "{4FF82B43-9AFE-4654-9486-574CF1A18E4B}"
	ProjectSection(ProjectDependencies) = postProject
		{01303E1B-C225-4151-8940-4E71BF6C375F} = {01303E1B-C225-4151-8940-4E71BF6C375F}
		{A22B4792-618D-422F-B646-F6FDFEFF5F46} = {A22B4792-618D-422F-B646-F6FDFEFF5F46}
	EndProjectSection
EndProject
Project("{FAE04EC0-301F-11D3-BF4B-00C04F79EFBC}") = "AnimalDonation.Core", "AnimalDonation.Core\AnimalDonation.Core.csproj", "{01303E1B-C225-4151-8940-4E71BF6C375F}"
	ProjectSection(ProjectDependencies) = postProject
		{A22B4792-618D-422F-B646-F6FDFEFF5F46} = {A22B4792-618D-422F-B646-F6FDFEFF5F46}
	EndProjectSection
EndProject
Project("{FAE04EC0-301F-11D3-BF4B-00C04F79EFBC}") = "AnimalDonation.DataAccessLayer", "AnimalDonation.DataAccessLayer\AnimalDonation.DataAccessLayer.csproj", "{A22B4792-618D-422F-B646-F6FDFEFF5F46}"
EndProject
Global
	GlobalSection(SolutionConfigurationPlatforms) = preSolution
		Debug|Any CPU = Debug|Any CPU
		Release|Any CPU = Release|Any CPU
	EndGlobalSection
	GlobalSection(ProjectConfigurationPlatforms) = postSolution
		{4FF82B43-9AFE-4654-9486-574CF1A18E4B}.Debug|Any CPU.ActiveCfg = Debug|Any CPU
		{4FF82B43-9AFE-4654-9486-574CF1A18E4B}.Debug|Any CPU.Build.0 = Debug|Any CPU
		{4FF82B43-9AFE-4654-9486-574CF1A18E4B}.Release|Any CPU.ActiveCfg = Release|Any CPU
		{4FF82B43-9AFE-4654-9486-574CF1A18E4B}.Release|Any CPU.Build.0 = Release|Any CPU
		{01303E1B-C225-4151-8940-4E71BF6C375F}.Debug|Any CPU.ActiveCfg = Debug|Any CPU
		{01303E1B-C225-4151-8940-4E71BF6C375F}.Debug|Any CPU.Build.0 = Debug|Any CPU
		{01303E1B-C225-4151-8940-4E71BF6C375F}.Release|Any CPU.ActiveCfg = Release|Any CPU
		{01303E1B-C225-4151-8940-4E71BF6C375F}.Release|Any CPU.Build.0 = Release|Any CPU
		{A22B4792-618D-422F-B646-F6FDFEFF5F46}.Debug|Any CPU.ActiveCfg = Debug|Any CPU
		{A22B4792-618D-422F-B646-F6FDFEFF5F46}.Debug|Any CPU.Build.0 = Debug|Any CPU
		{A22B4792-618D-422F-B646-F6FDFEFF5F46}.Release|Any CPU.ActiveCfg = Release|Any CPU
		{A22B4792-618D-422F-B646-F6FDFEFF5F46}.Release|Any CPU.Build.0 = Release|Any CPU
	EndGlobalSection
	GlobalSection(SolutionProperties) = preSolution
		HideSolutionNode = FALSE
	EndGlobalSection
	GlobalSection(ExtensibilityGlobals) = postSolution
		SolutionGuid = {521DB66D-BF2B-4B89-A582-1C80E800BFAA}
	EndGlobalSection
EndGlobal
